
Microsoft Visual Studio Solution File, Format Version 12.00
# Visual Studio Version 17
VisualStudioVersion = 17.5.002.0
MinimumVisualStudioVersion = 10.0.40219.1
Project("{9A19103F-16F7-4668-BE54-9A1E7A4F7556}") = "Backend", "backend\Backend.csproj", "{AB64BD3A-A72F-4D1B-8417-2277C86DAA51}"
EndProject
Project("{2150E333-8FDC-42A3-9474-1A3956D46DE8}") = "PluginProjects", "PluginProjects", "{B4AB9ABD-579E-4C19-8CF6-94BB2B6E2F0C}"
EndProject
Project("{9A19103F-16F7-4668-BE54-9A1E7A4F7556}") = "BaseConverterPlugin", "PluginProjects\BaseConverterPlugin\BaseConverterPlugin.csproj", "{C013ABBF-2492-4B51-A734-FADB4F1BD481}"
EndProject
Project("{9A19103F-16F7-4668-BE54-9A1E7A4F7556}") = "NewToolPlugin", "PluginProjects\NewToolPlugin\NewToolPlugin.csproj", "{A8A48C28-4D88-4327-B9B6-02A605141D9C}"
EndProject
Global
	GlobalSection(SolutionConfigurationPlatforms) = preSolution
		Debug|Any CPU = Debug|Any CPU
		Release|Any CPU = Release|Any CPU
	EndGlobalSection
	GlobalSection(ProjectConfigurationPlatforms) = postSolution
		{AB64BD3A-A72F-4D1B-8417-2277C86DAA51}.Debug|Any CPU.ActiveCfg = Debug|Any CPU
		{AB64BD3A-A72F-4D1B-8417-2277C86DAA51}.Debug|Any CPU.Build.0 = Debug|Any CPU
		{AB64BD3A-A72F-4D1B-8417-2277C86DAA51}.Release|Any CPU.ActiveCfg = Release|Any CPU
		{AB64BD3A-A72F-4D1B-8417-2277C86DAA51}.Release|Any CPU.Build.0 = Release|Any CPU
		{C013ABBF-2492-4B51-A734-FADB4F1BD481}.Debug|Any CPU.ActiveCfg = Debug|Any CPU
		{C013ABBF-2492-4B51-A734-FADB4F1BD481}.Debug|Any CPU.Build.0 = Debug|Any CPU
		{C013ABBF-2492-4B51-A734-FADB4F1BD481}.Release|Any CPU.ActiveCfg = Release|Any CPU
		{C013ABBF-2492-4B51-A734-FADB4F1BD481}.Release|Any CPU.Build.0 = Release|Any CPU
		{A8A48C28-4D88-4327-B9B6-02A605141D9C}.Debug|Any CPU.ActiveCfg = Debug|Any CPU
		{A8A48C28-4D88-4327-B9B6-02A605141D9C}.Debug|Any CPU.Build.0 = Debug|Any CPU
		{A8A48C28-4D88-4327-B9B6-02A605141D9C}.Release|Any CPU.ActiveCfg = Release|Any CPU
		{A8A48C28-4D88-4327-B9B6-02A605141D9C}.Release|Any CPU.Build.0 = Release|Any CPU
	EndGlobalSection
	GlobalSection(SolutionProperties) = preSolution
		HideSolutionNode = FALSE
	EndGlobalSection
	GlobalSection(NestedProjects) = preSolution
		{C013ABBF-2492-4B51-A734-FADB4F1BD481} = {B4AB9ABD-579E-4C19-8CF6-94BB2B6E2F0C}
		{A8A48C28-4D88-4327-B9B6-02A605141D9C} = {B4AB9ABD-579E-4C19-8CF6-94BB2B6E2F0C}
	EndGlobalSection
	GlobalSection(ExtensibilityGlobals) = postSolution
		SolutionGuid = {07BBDB6C-17FB-40C0-A2E4-3F9DA7070AEF}
	EndGlobalSection
EndGlobal
